
Microsoft Visual Studio Solution File, Format Version 12.00
# Visual Studio Version 17
VisualStudioVersion = 17.10.35013.160
MinimumVisualStudioVersion = 10.0.40219.1
Project("{FAE04EC0-301F-11D3-BF4B-00C04F79EFBC}") = "MatrixMultiplication", "MatrixMultiplication\MatrixMultiplication.csproj", "{89AAD416-FD80-42BA-BB1F-6D30138FA385}"
EndProject
Project("{FAE04EC0-301F-11D3-BF4B-00C04F79EFBC}") = "MatrixMultiplication.Tests", "MatrixMultiplication.Tests\MatrixMultiplication.Tests.csproj", "{EC929991-0B42-4A0E-8481-FBF16B32797D}"
EndProject
Global
	GlobalSection(SolutionConfigurationPlatforms) = preSolution
		Debug|Any CPU = Debug|Any CPU
		Release|Any CPU = Release|Any CPU
	EndGlobalSection
	GlobalSection(ProjectConfigurationPlatforms) = postSolution
		{89AAD416-FD80-42BA-BB1F-6D30138FA385}.Debug|Any CPU.ActiveCfg = Debug|Any CPU
		{89AAD416-FD80-42BA-BB1F-6D30138FA385}.Debug|Any CPU.Build.0 = Debug|Any CPU
		{89AAD416-FD80-42BA-BB1F-6D30138FA385}.Release|Any CPU.ActiveCfg = Release|Any CPU
		{89AAD416-FD80-42BA-BB1F-6D30138FA385}.Release|Any CPU.Build.0 = Release|Any CPU
		{EC929991-0B42-4A0E-8481-FBF16B32797D}.Debug|Any CPU.ActiveCfg = Debug|Any CPU
		{EC929991-0B42-4A0E-8481-FBF16B32797D}.Debug|Any CPU.Build.0 = Debug|Any CPU
		{EC929991-0B42-4A0E-8481-FBF16B32797D}.Release|Any CPU.ActiveCfg = Release|Any CPU
		{EC929991-0B42-4A0E-8481-FBF16B32797D}.Release|Any CPU.Build.0 = Release|Any CPU
	EndGlobalSection
	GlobalSection(SolutionProperties) = preSolution
		HideSolutionNode = FALSE
	EndGlobalSection
	GlobalSection(ExtensibilityGlobals) = postSolution
		SolutionGuid = {A44F201B-AFD1-4261-9F28-04FC6F4DBD10}
	EndGlobalSection
EndGlobal
